{
  "name": "tmux-mcp-server",
  "version": "1.0.0",
  "lockfileVersion": 3,
  "requires": true,
  "packages": {
    "": {
      "name": "tmux-mcp-server",
      "version": "1.0.0",
      "license": "MIT",
      "bin": {
        "tmux-mcp-server": "server.js"
      },
      "devDependencies": {},
      "engines": {
        "node": ">=14.0.0"
      }
    }
  }
}
